
Microsoft Visual Studio Solution File, Format Version 12.00
# Visual Studio 15
Project("{FAE04EC0-301F-11D3-BF4B-00C04F79EFBC}") = "Dockerinclass", "Dockerinclass\Dockerinclass.csproj", "{1ECD9BE3-7097-421C-8964-512BCF22E798}"
EndProject
Project("{E53339B2-1760-4266-BCC7-CA923CBCF16C}") = "docker-compose", "docker-compose.dcproj", "{C336F8B9-724A-4A2E-B474-EE580FF80A20}"
EndProject
Global
	GlobalSection(SolutionConfigurationPlatforms) = preSolution
		Debug|Any CPU = Debug|Any CPU
		Release|Any CPU = Release|Any CPU
	EndGlobalSection
	GlobalSection(ProjectConfigurationPlatforms) = postSolution
		{1ECD9BE3-7097-421C-8964-512BCF22E798}.Debug|Any CPU.ActiveCfg = Debug|Any CPU
		{1ECD9BE3-7097-421C-8964-512BCF22E798}.Debug|Any CPU.Build.0 = Debug|Any CPU
		{1ECD9BE3-7097-421C-8964-512BCF22E798}.Release|Any CPU.ActiveCfg = Release|Any CPU
		{1ECD9BE3-7097-421C-8964-512BCF22E798}.Release|Any CPU.Build.0 = Release|Any CPU
		{C336F8B9-724A-4A2E-B474-EE580FF80A20}.Debug|Any CPU.ActiveCfg = Debug|Any CPU
		{C336F8B9-724A-4A2E-B474-EE580FF80A20}.Debug|Any CPU.Build.0 = Debug|Any CPU
		{C336F8B9-724A-4A2E-B474-EE580FF80A20}.Release|Any CPU.ActiveCfg = Release|Any CPU
		{C336F8B9-724A-4A2E-B474-EE580FF80A20}.Release|Any CPU.Build.0 = Release|Any CPU
	EndGlobalSection
EndGlobal
